// !$*UTF8*$!
{
	archiveVersion = 1;
	classes = {
	};
	objectVersion = 46;
	objects = {

/* Begin PBXBuildFile section */
		9FA2A1091CCFB1F80080129B /* RepoTableViewCell.m in Sources */ = {isa = PBXBuildFile; fileRef = 9FA2A1081CCFB1F80080129B /* RepoTableViewCell.m */; };
		9FAAF4F91CCE56AD00E65C6B /* main.m in Sources */ = {isa = PBXBuildFile; fileRef = 9FAAF4F81CCE56AD00E65C6B /* main.m */; };
		9FAAF4FC1CCE56AD00E65C6B /* AppDelegate.m in Sources */ = {isa = PBXBuildFile; fileRef = 9FAAF4FB1CCE56AD00E65C6B /* AppDelegate.m */; };
		9FAAF4FF1CCE56AD00E65C6B /* MasterViewController.m in Sources */ = {isa = PBXBuildFile; fileRef = 9FAAF4FE1CCE56AD00E65C6B /* MasterViewController.m */; };
		9FAAF5021CCE56AD00E65C6B /* DetailViewController.m in Sources */ = {isa = PBXBuildFile; fileRef = 9FAAF5011CCE56AD00E65C6B /* DetailViewController.m */; };
		9FAAF5051CCE56AD00E65C6B /* Main.storyboard in Resources */ = {isa = PBXBuildFile; fileRef = 9FAAF5031CCE56AD00E65C6B /* Main.storyboard */; };
		9FAAF5071CCE56AD00E65C6B /* Assets.xcassets in Resources */ = {isa = PBXBuildFile; fileRef = 9FAAF5061CCE56AD00E65C6B /* Assets.xcassets */; };
		9FAAF50A1CCE56AD00E65C6B /* LaunchScreen.storyboard in Resources */ = {isa = PBXBuildFile; fileRef = 9FAAF5081CCE56AD00E65C6B /* LaunchScreen.storyboard */; };
		9FAAF5131CCEB0D200E65C6B /* Friend.m in Sources */ = {isa = PBXBuildFile; fileRef = 9FAAF5121CCEB0D200E65C6B /* Friend.m */; };
/* End PBXBuildFile section */

/* Begin PBXFileReference section */
		9FA2A1071CCFB1F80080129B /* RepoTableViewCell.h */ = {isa = PBXFileReference; fileEncoding = 4; lastKnownFileType = sourcecode.c.h; path = RepoTableViewCell.h; sourceTree = "<group>"; };
		9FA2A1081CCFB1F80080129B /* RepoTableViewCell.m */ = {isa = PBXFileReference; fileEncoding = 4; lastKnownFileType = sourcecode.c.objc; path = RepoTableViewCell.m; sourceTree = "<group>"; };
		9FAAF4F41CCE56AD00E65C6B /* githubFriends.app */ = {isa = PBXFileReference; explicitFileType = wrapper.application; includeInIndex = 0; path = githubFriends.app; sourceTree = BUILT_PRODUCTS_DIR; };
		9FAAF4F81CCE56AD00E65C6B /* main.m */ = {isa = PBXFileReference; lastKnownFileType = sourcecode.c.objc; path = main.m; sourceTree = "<group>"; };
		9FAAF4FA1CCE56AD00E65C6B /* AppDelegate.h */ = {isa = PBXFileReference; lastKnownFileType = sourcecode.c.h; path = AppDelegate.h; sourceTree = "<group>"; };
		9FAAF4FB1CCE56AD00E65C6B /* AppDelegate.m */ = {isa = PBXFileReference; lastKnownFileType = sourcecode.c.objc; path = AppDelegate.m; sourceTree = "<group>"; };
		9FAAF4FD1CCE56AD00E65C6B /* MasterViewController.h */ = {isa = PBXFileReference; lastKnownFileType = sourcecode.c.h; path = MasterViewController.h; sourceTree = "<group>"; };
		9FAAF4FE1CCE56AD00E65C6B /* MasterViewController.m */ = {isa = PBXFileReference; lastKnownFileType = sourcecode.c.objc; path = MasterViewController.m; sourceTree = "<group>"; };
		9FAAF5001CCE56AD00E65C6B /* DetailViewController.h */ = {isa = PBXFileReference; lastKnownFileType = sourcecode.c.h; path = DetailViewController.h; sourceTree = "<group>"; };
		9FAAF5011CCE56AD00E65C6B /* DetailViewController.m */ = {isa = PBXFileReference; lastKnownFileType = sourcecode.c.objc; path = DetailViewController.m; sourceTree = "<group>"; };
		9FAAF5041CCE56AD00E65C6B /* Base */ = {isa = PBXFileReference; lastKnownFileType = file.storyboard; name = Base; path = Base.lproj/Main.storyboard; sourceTree = "<group>"; };
		9FAAF5061CCE56AD00E65C6B /* Assets.xcassets */ = {isa = PBXFileReference; lastKnownFileType = folder.assetcatalog; path = Assets.xcassets; sourceTree = "<group>"; };
		9FAAF5091CCE56AD00E65C6B /* Base */ = {isa = PBXFileReference; lastKnownFileType = file.storyboard; name = Base; path = Base.lproj/LaunchScreen.storyboard; sourceTree = "<group>"; };
		9FAAF50B1CCE56AD00E65C6B /* Info.plist */ = {isa = PBXFileReference; lastKnownFileType = text.plist.xml; path = Info.plist; sourceTree = "<group>"; };
		9FAAF5111CCEB0D200E65C6B /* Friend.h */ = {isa = PBXFileReference; fileEncoding = 4; lastKnownFileType = sourcecode.c.h; path = Friend.h; sourceTree = "<group>"; };
		9FAAF5121CCEB0D200E65C6B /* Friend.m */ = {isa = PBXFileReference; fileEncoding = 4; lastKnownFileType = sourcecode.c.objc; path = Friend.m; sourceTree = "<group>"; };
/* End PBXFileReference section */

/* Begin PBXFrameworksBuildPhase section */
		9FAAF4F11CCE56AD00E65C6B /* Frameworks */ = {
			isa = PBXFrameworksBuildPhase;
			buildActionMask = 2147483647;
			files = (
			);
			runOnlyForDeploymentPostprocessing = 0;
		};
/* End PBXFrameworksBuildPhase section */

/* Begin PBXGroup section */
		9FAAF4EB1CCE56AD00E65C6B = {
			isa = PBXGroup;
			children = (
				9FAAF4F61CCE56AD00E65C6B /* githubFriends */,
				9FAAF4F51CCE56AD00E65C6B /* Products */,
			);
			sourceTree = "<group>";
		};
		9FAAF4F51CCE56AD00E65C6B /* Products */ = {
			isa = PBXGroup;
			children = (
				9FAAF4F41CCE56AD00E65C6B /* githubFriends.app */,
			);
			name = Products;
			sourceTree = "<group>";
		};
		9FAAF4F61CCE56AD00E65C6B /* githubFriends */ = {
			isa = PBXGroup;
			children = (
				9FAAF5111CCEB0D200E65C6B /* Friend.h */,
				9FAAF5121CCEB0D200E65C6B /* Friend.m */,
				9FAAF4FA1CCE56AD00E65C6B /* AppDelegate.h */,
				9FAAF4FB1CCE56AD00E65C6B /* AppDelegate.m */,
				9FA2A1071CCFB1F80080129B /* RepoTableViewCell.h */,
				9FA2A1081CCFB1F80080129B /* RepoTableViewCell.m */,
				9FAAF4FD1CCE56AD00E65C6B /* MasterViewController.h */,
				9FAAF4FE1CCE56AD00E65C6B /* MasterViewController.m */,
				9FAAF5001CCE56AD00E65C6B /* DetailViewController.h */,
				9FAAF5011CCE56AD00E65C6B /* DetailViewController.m */,
				9FAAF5031CCE56AD00E65C6B /* Main.storyboard */,
				9FAAF5061CCE56AD00E65C6B /* Assets.xcassets */,
				9FAAF5081CCE56AD00E65C6B /* LaunchScreen.storyboard */,
				9FAAF50B1CCE56AD00E65C6B /* Info.plist */,
				9FAAF4F71CCE56AD00E65C6B /* Supporting Files */,
			);
			path = githubFriends;
			sourceTree = "<group>";
		};
		9FAAF4F71CCE56AD00E65C6B /* Supporting Files */ = {
			isa = PBXGroup;
			children = (
				9FAAF4F81CCE56AD00E65C6B /* main.m */,
			);
			name = "Supporting Files";
			sourceTree = "<group>";
		};
/* End PBXGroup section */

/* Begin PBXNativeTarget section */
		9FAAF4F31CCE56AD00E65C6B /* githubFriends */ = {
			isa = PBXNativeTarget;
			buildConfigurationList = 9FAAF50E1CCE56AD00E65C6B /* Build configuration list for PBXNativeTarget "githubFriends" */;
			buildPhases = (
				9FAAF4F01CCE56AD00E65C6B /* Sources */,
				9FAAF4F11CCE56AD00E65C6B /* Frameworks */,
				9FAAF4F21CCE56AD00E65C6B /* Resources */,
			);
			buildRules = (
			);
			dependencies = (
			);
			name = githubFriends;
			productName = githubFriends;
			productReference = 9FAAF4F41CCE56AD00E65C6B /* githubFriends.app */;
			productType = "com.apple.product-type.application";
		};
/* End PBXNativeTarget section */

/* Begin PBXProject section */
		9FAAF4EC1CCE56AD00E65C6B /* Project object */ = {
			isa = PBXProject;
			attributes = {
				LastUpgradeCheck = 0730;
				ORGANIZATIONNAME = "Allen Spicer";
				TargetAttributes = {
					9FAAF4F31CCE56AD00E65C6B = {
						CreatedOnToolsVersion = 7.3;
						DevelopmentTeam = QS2H85Z9GF;
					};
				};
			};
			buildConfigurationList = 9FAAF4EF1CCE56AD00E65C6B /* Build configuration list for PBXProject "githubFriends" */;
			compatibilityVersion = "Xcode 3.2";
			developmentRegion = English;
			hasScannedForEncodings = 0;
			knownRegions = (
				en,
				Base,
			);
			mainGroup = 9FAAF4EB1CCE56AD00E65C6B;
			productRefGroup = 9FAAF4F51CCE56AD00E65C6B /* Products */;
			projectDirPath = "";
			projectRoot = "";
			targets = (
				9FAAF4F31CCE56AD00E65C6B /* githubFriends */,
			);
		};
/* End PBXProject section */

/* Begin PBXResourcesBuildPhase section */
		9FAAF4F21CCE56AD00E65C6B /* Resources */ = {
			isa = PBXResourcesBuildPhase;
			buildActionMask = 2147483647;
			files = (
				9FAAF50A1CCE56AD00E65C6B /* LaunchScreen.storyboard in Resources */,
				9FAAF5071CCE56AD00E65C6B /* Assets.xcassets in Resources */,
				9FAAF5051CCE56AD00E65C6B /* Main.storyboard in Resources */,
			);
			runOnlyForDeploymentPostprocessing = 0;
		};
/* End PBXResourcesBuildPhase section */

/* Begin PBXSourcesBuildPhase section */
		9FAAF4F01CCE56AD00E65C6B /* Sources */ = {
			isa = PBXSourcesBuildPhase;
			buildActionMask = 2147483647;
			files = (
				9FAAF4FC1CCE56AD00E65C6B /* AppDelegate.m in Sources */,
				9FA2A1091CCFB1F80080129B /* RepoTableViewCell.m in Sources */,
				9FAAF5131CCEB0D200E65C6B /* Friend.m in Sources */,
				9FAAF4FF1CCE56AD00E65C6B /* MasterViewController.m in Sources */,
				9FAAF4F91CCE56AD00E65C6B /* main.m in Sources */,
				9FAAF5021CCE56AD00E65C6B /* DetailViewController.m in Sources */,
			);
			runOnlyForDeploymentPostprocessing = 0;
		};
/* End PBXSourcesBuildPhase section */

/* Begin PBXVariantGroup section */
		9FAAF5031CCE56AD00E65C6B /* Main.storyboard */ = {
			isa = PBXVariantGroup;
			children = (
				9FAAF5041CCE56AD00E65C6B /* Base */,
			);
			name = Main.storyboard;
			sourceTree = "<group>";
		};
		9FAAF5081CCE56AD00E65C6B /* LaunchScreen.storyboard */ = {
			isa = PBXVariantGroup;
			children = (
				9FAAF5091CCE56AD00E65C6B /* Base */,
			);
			name = LaunchScreen.storyboard;
			sourceTree = "<group>";
		};
/* End PBXVariantGroup section */

/* Begin XCBuildConfiguration section */
		9FAAF50C1CCE56AD00E65C6B /* Debug */ = {
			isa = XCBuildConfiguration;
			buildSettings = {
				ALWAYS_SEARCH_USER_PATHS = NO;
				CLANG_ANALYZER_NONNULL = YES;
				CLANG_CXX_LANGUAGE_STANDARD = "gnu++0x";
				CLANG_CXX_LIBRARY = "libc++";
				CLANG_ENABLE_MODULES = YES;
				CLANG_ENABLE_OBJC_ARC = YES;
				CLANG_WARN_BOOL_CONVERSION = YES;
				CLANG_WARN_CONSTANT_CONVERSION = YES;
				CLANG_WARN_DIRECT_OBJC_ISA_USAGE = YES_ERROR;
				CLANG_WARN_EMPTY_BODY = YES;
				CLANG_WARN_ENUM_CONVERSION = YES;
				CLANG_WARN_INT_CONVERSION = YES;
				CLANG_WARN_OBJC_ROOT_CLASS = YES_ERROR;
				CLANG_WARN_UNREACHABLE_CODE = YES;
				CLANG_WARN__DUPLICATE_METHOD_MATCH = YES;
				"CODE_SIGN_IDENTITY[sdk=iphoneos*]" = "iPhone Developer";
				COPY_PHASE_STRIP = NO;
				DEBUG_INFORMATION_FORMAT = dwarf;
				ENABLE_STRICT_OBJC_MSGSEND = YES;
				ENABLE_TESTABILITY = YES;
				GCC_C_LANGUAGE_STANDARD = gnu99;
				GCC_DYNAMIC_NO_PIC = NO;
				GCC_NO_COMMON_BLOCKS = YES;
				GCC_OPTIMIZATION_LEVEL = 0;
				GCC_PREPROCESSOR_DEFINITIONS = (
					"DEBUG=1",
					"$(inherited)",
				);
				GCC_WARN_64_TO_32_BIT_CONVERSION = YES;
				GCC_WARN_ABOUT_RETURN_TYPE = YES_ERROR;
				GCC_WARN_UNDECLARED_SELECTOR = YES;
				GCC_WARN_UNINITIALIZED_AUTOS = YES_AGGRESSIVE;
				GCC_WARN_UNUSED_FUNCTION = YES;
				GCC_WARN_UNUSED_VARIABLE = YES;
				IPHONEOS_DEPLOYMENT_TARGET = 9.3;
				MTL_ENABLE_DEBUG_INFO = YES;
				ONLY_ACTIVE_ARCH = YES;
				SDKROOT = iphoneos;
				TARGETED_DEVICE_FAMILY = "1,2";
			};
			name = Debug;
		};
		9FAAF50D1CCE56AD00E65C6B /* Release */ = {
			isa = XCBuildConfiguration;
			buildSettings = {
				ALWAYS_SEARCH_USER_PATHS = NO;
				CLANG_ANALYZER_NONNULL = YES;
				CLANG_CXX_LANGUAGE_STANDARD = "gnu++0x";
				CLANG_CXX_LIBRARY = "libc++";
				CLANG_ENABLE_MODULES = YES;
				CLANG_ENABLE_OBJC_ARC = YES;
				CLANG_WARN_BOOL_CONVERSION = YES;
				CLANG_WARN_CONSTANT_CONVERSION = YES;
				CLANG_WARN_DIRECT_OBJC_ISA_USAGE = YES_ERROR;
				CLANG_WARN_EMPTY_BODY = YES;
				CLANG_WARN_ENUM_CONVERSION = YES;
				CLANG_WARN_INT_CONVERSION = YES;
				CLANG_WARN_OBJC_ROOT_CLASS = YES_ERROR;
				CLANG_WARN_UNREACHABLE_CODE = YES;
				CLANG_WARN__DUPLICATE_METHOD_MATCH = YES;
				"CODE_SIGN_IDENTITY[sdk=iphoneos*]" = "iPhone Developer";
				COPY_PHASE_STRIP = NO;
				DEBUG_INFORMATION_FORMAT = "dwarf-with-dsym";
				ENABLE_NS_ASSERTIONS = NO;
				ENABLE_STRICT_OBJC_MSGSEND = YES;
				GCC_C_LANGUAGE_STANDARD = gnu99;
				GCC_NO_COMMON_BLOCKS = YES;
				GCC_WARN_64_TO_32_BIT_CONVERSION = YES;
				GCC_WARN_ABOUT_RETURN_TYPE = YES_ERROR;
				GCC_WARN_UNDECLARED_SELECTOR = YES;
				GCC_WARN_UNINITIALIZED_AUTOS = YES_AGGRESSIVE;
				GCC_WARN_UNUSED_FUNCTION = YES;
				GCC_WARN_UNUSED_VARIABLE = YES;
				IPHONEOS_DEPLOYMENT_TARGET = 9.3;
				MTL_ENABLE_DEBUG_INFO = NO;
				SDKROOT = iphoneos;
				TARGETED_DEVICE_FAMILY = "1,2";
				VALIDATE_PRODUCT = YES;
			};
			name = Release;
		};
		9FAAF50F1CCE56AD00E65C6B /* Debug */ = {
			isa = XCBuildConfiguration;
			buildSettings = {
				ASSETCATALOG_COMPILER_APPICON_NAME = AppIcon;
				INFOPLIST_FILE = githubFriends/Info.plist;
				LD_RUNPATH_SEARCH_PATHS = "$(inherited) @executable_path/Frameworks";
				PRODUCT_BUNDLE_IDENTIFIER = com.Trial.githubFriends;
				PRODUCT_NAME = "$(TARGET_NAME)";
			};
			name = Debug;
		};
		9FAAF5101CCE56AD00E65C6B /* Release */ = {
			isa = XCBuildConfiguration;
			buildSettings = {
				ASSETCATALOG_COMPILER_APPICON_NAME = AppIcon;
				INFOPLIST_FILE = githubFriends/Info.plist;
				LD_RUNPATH_SEARCH_PATHS = "$(inherited) @executable_path/Frameworks";
				PRODUCT_BUNDLE_IDENTIFIER = com.Trial.githubFriends;
				PRODUCT_NAME = "$(TARGET_NAME)";
			};
			name = Release;
		};
/* End XCBuildConfiguration section */

/* Begin XCConfigurationList section */
		9FAAF4EF1CCE56AD00E65C6B /* Build configuration list for PBXProject "githubFriends" */ = {
			isa = XCConfigurationList;
			buildConfigurations = (
				9FAAF50C1CCE56AD00E65C6B /* Debug */,
				9FAAF50D1CCE56AD00E65C6B /* Release */,
			);
			defaultConfigurationIsVisible = 0;
			defaultConfigurationName = Release;
		};
		9FAAF50E1CCE56AD00E65C6B /* Build configuration list for PBXNativeTarget "githubFriends" */ = {
			isa = XCConfigurationList;
			buildConfigurations = (
				9FAAF50F1CCE56AD00E65C6B /* Debug */,
				9FAAF5101CCE56AD00E65C6B /* Release */,
			);
			defaultConfigurationIsVisible = 0;
			defaultConfigurationName = Release;
		};
/* End XCConfigurationList section */
	};
	rootObject = 9FAAF4EC1CCE56AD00E65C6B /* Project object */;
}
